
Microsoft Visual Studio Solution File, Format Version 12.00
# Visual Studio Version 16
VisualStudioVersion = 16.0.30804.86
MinimumVisualStudioVersion = 10.0.40219.1
Project("{FAE04EC0-301F-11D3-BF4B-00C04F79EFBC}") = "ConnectFour", "ConnectFour\ConnectFour.csproj", "{06E25F91-2DCE-4670-A5D8-F9C776E99BEB}"
EndProject
Global
	GlobalSection(SolutionConfigurationPlatforms) = preSolution
		Debug|Any CPU = Debug|Any CPU
		Release|Any CPU = Release|Any CPU
	EndGlobalSection
	GlobalSection(ProjectConfigurationPlatforms) = postSolution
		{06E25F91-2DCE-4670-A5D8-F9C776E99BEB}.Debug|Any CPU.ActiveCfg = Debug|Any CPU
		{06E25F91-2DCE-4670-A5D8-F9C776E99BEB}.Debug|Any CPU.Build.0 = Debug|Any CPU
		{06E25F91-2DCE-4670-A5D8-F9C776E99BEB}.Release|Any CPU.ActiveCfg = Release|Any CPU
		{06E25F91-2DCE-4670-A5D8-F9C776E99BEB}.Release|Any CPU.Build.0 = Release|Any CPU
	EndGlobalSection
	GlobalSection(SolutionProperties) = preSolution
		HideSolutionNode = FALSE
	EndGlobalSection
	GlobalSection(ExtensibilityGlobals) = postSolution
		SolutionGuid = {E91A086E-92AB-48DF-9E78-5294386058E9}
	EndGlobalSection
EndGlobal
